
Microsoft Visual Studio Solution File, Format Version 12.00
# Visual Studio 15
VisualStudioVersion = 15.0.27703.2047
MinimumVisualStudioVersion = 10.0.40219.1
Project("{FAE04EC0-301F-11D3-BF4B-00C04F79EFBC}") = "Chats", "Chats\Chats.csproj", "{88AC429C-D14E-469D-8824-00A30DDCA7AA}"
EndProject
Global
	GlobalSection(SolutionConfigurationPlatforms) = preSolution
		Debug|Any CPU = Debug|Any CPU
		Release|Any CPU = Release|Any CPU
	EndGlobalSection
	GlobalSection(ProjectConfigurationPlatforms) = postSolution
		{88AC429C-D14E-469D-8824-00A30DDCA7AA}.Debug|Any CPU.ActiveCfg = Debug|Any CPU
		{88AC429C-D14E-469D-8824-00A30DDCA7AA}.Debug|Any CPU.Build.0 = Debug|Any CPU
		{88AC429C-D14E-469D-8824-00A30DDCA7AA}.Release|Any CPU.ActiveCfg = Release|Any CPU
		{88AC429C-D14E-469D-8824-00A30DDCA7AA}.Release|Any CPU.Build.0 = Release|Any CPU
	EndGlobalSection
	GlobalSection(SolutionProperties) = preSolution
		HideSolutionNode = FALSE
	EndGlobalSection
	GlobalSection(ExtensibilityGlobals) = postSolution
		SolutionGuid = {B74D3392-5909-4679-9E11-6AD907D76F4F}
	EndGlobalSection
EndGlobal
