
Microsoft Visual Studio Solution File, Format Version 12.00
# Visual Studio 15
VisualStudioVersion = 15.0.28010.2003
MinimumVisualStudioVersion = 10.0.40219.1
Project("{FAE04EC0-301F-11D3-BF4B-00C04F79EFBC}") = "Pract4", "Pract4\Pract4.csproj", "{A2124386-5D3F-416A-A749-DEC0F9EFB4A6}"
EndProject
Global
	GlobalSection(SolutionConfigurationPlatforms) = preSolution
		Debug|Any CPU = Debug|Any CPU
		Release|Any CPU = Release|Any CPU
	EndGlobalSection
	GlobalSection(ProjectConfigurationPlatforms) = postSolution
		{A2124386-5D3F-416A-A749-DEC0F9EFB4A6}.Debug|Any CPU.ActiveCfg = Debug|Any CPU
		{A2124386-5D3F-416A-A749-DEC0F9EFB4A6}.Debug|Any CPU.Build.0 = Debug|Any CPU
		{A2124386-5D3F-416A-A749-DEC0F9EFB4A6}.Release|Any CPU.ActiveCfg = Release|Any CPU
		{A2124386-5D3F-416A-A749-DEC0F9EFB4A6}.Release|Any CPU.Build.0 = Release|Any CPU
	EndGlobalSection
	GlobalSection(SolutionProperties) = preSolution
		HideSolutionNode = FALSE
	EndGlobalSection
	GlobalSection(ExtensibilityGlobals) = postSolution
		SolutionGuid = {B814288E-B818-4B89-A515-DFE468F0C1D4}
	EndGlobalSection
EndGlobal
